// !$*UTF8*$!
{
	archiveVersion = 1;
	classes = {
	};
	objectVersion = 50;
	objects = {

/* Begin PBXBuildFile section */
		04D1643B222391CD00293BB0 /* AppDelegate.swift in Sources */ = {isa = PBXBuildFile; fileRef = 04D1643A222391CD00293BB0 /* AppDelegate.swift */; };
		04D1643D222391CD00293BB0 /* ViewController.swift in Sources */ = {isa = PBXBuildFile; fileRef = 04D1643C222391CD00293BB0 /* ViewController.swift */; };
		04D16440222391CD00293BB0 /* Main.storyboard in Resources */ = {isa = PBXBuildFile; fileRef = 04D1643E222391CD00293BB0 /* Main.storyboard */; };
		04D16442222391CF00293BB0 /* Assets.xcassets in Resources */ = {isa = PBXBuildFile; fileRef = 04D16441222391CF00293BB0 /* Assets.xcassets */; };
		04D16445222391CF00293BB0 /* LaunchScreen.storyboard in Resources */ = {isa = PBXBuildFile; fileRef = 04D16443222391CF00293BB0 /* LaunchScreen.storyboard */; };
		04D1644E22239BB100293BB0 /* IMB_S6TJjc.gif in Resources */ = {isa = PBXBuildFile; fileRef = 04D1644D22239BB100293BB0 /* IMB_S6TJjc.gif */; };
/* End PBXBuildFile section */

/* Begin PBXFileReference section */
		04D16437222391CD00293BB0 /* ClapAnimation.app */ = {isa = PBXFileReference; explicitFileType = wrapper.application; includeInIndex = 0; path = ClapAnimation.app; sourceTree = BUILT_PRODUCTS_DIR; };
		04D1643A222391CD00293BB0 /* AppDelegate.swift */ = {isa = PBXFileReference; lastKnownFileType = sourcecode.swift; path = AppDelegate.swift; sourceTree = "<group>"; };
		04D1643C222391CD00293BB0 /* ViewController.swift */ = {isa = PBXFileReference; lastKnownFileType = sourcecode.swift; path = ViewController.swift; sourceTree = "<group>"; };
		04D1643F222391CD00293BB0 /* Base */ = {isa = PBXFileReference; lastKnownFileType = file.storyboard; name = Base; path = Base.lproj/Main.storyboard; sourceTree = "<group>"; };
		04D16441222391CF00293BB0 /* Assets.xcassets */ = {isa = PBXFileReference; lastKnownFileType = folder.assetcatalog; path = Assets.xcassets; sourceTree = "<group>"; };
		04D16444222391CF00293BB0 /* Base */ = {isa = PBXFileReference; lastKnownFileType = file.storyboard; name = Base; path = Base.lproj/LaunchScreen.storyboard; sourceTree = "<group>"; };
		04D16446222391CF00293BB0 /* Info.plist */ = {isa = PBXFileReference; lastKnownFileType = text.plist.xml; path = Info.plist; sourceTree = "<group>"; };
		04D1644D22239BB100293BB0 /* IMB_S6TJjc.gif */ = {isa = PBXFileReference; lastKnownFileType = image.gif; path = IMB_S6TJjc.gif; sourceTree = "<group>"; };
/* End PBXFileReference section */

/* Begin PBXFrameworksBuildPhase section */
		04D16434222391CD00293BB0 /* Frameworks */ = {
			isa = PBXFrameworksBuildPhase;
			buildActionMask = 2147483647;
			files = (
			);
			runOnlyForDeploymentPostprocessing = 0;
		};
/* End PBXFrameworksBuildPhase section */

/* Begin PBXGroup section */
		04D1642E222391CD00293BB0 = {
			isa = PBXGroup;
			children = (
				04D16439222391CD00293BB0 /* ClapAnimation */,
				04D16438222391CD00293BB0 /* Products */,
			);
			sourceTree = "<group>";
		};
		04D16438222391CD00293BB0 /* Products */ = {
			isa = PBXGroup;
			children = (
				04D16437222391CD00293BB0 /* ClapAnimation.app */,
			);
			name = Products;
			sourceTree = "<group>";
		};
		04D16439222391CD00293BB0 /* ClapAnimation */ = {
			isa = PBXGroup;
			children = (
				04D1643A222391CD00293BB0 /* AppDelegate.swift */,
				04D1644C22239B9F00293BB0 /* demo */,
				04D1643C222391CD00293BB0 /* ViewController.swift */,
				04D1643E222391CD00293BB0 /* Main.storyboard */,
				04D16441222391CF00293BB0 /* Assets.xcassets */,
				04D16443222391CF00293BB0 /* LaunchScreen.storyboard */,
				04D16446222391CF00293BB0 /* Info.plist */,
			);
			path = ClapAnimation;
			sourceTree = "<group>";
		};
		04D1644C22239B9F00293BB0 /* demo */ = {
			isa = PBXGroup;
			children = (
				04D1644D22239BB100293BB0 /* IMB_S6TJjc.gif */,
			);
			path = demo;
			sourceTree = "<group>";
		};
/* End PBXGroup section */

/* Begin PBXNativeTarget section */
		04D16436222391CD00293BB0 /* ClapAnimation */ = {
			isa = PBXNativeTarget;
			buildConfigurationList = 04D16449222391CF00293BB0 /* Build configuration list for PBXNativeTarget "ClapAnimation" */;
			buildPhases = (
				04D16433222391CD00293BB0 /* Sources */,
				04D16434222391CD00293BB0 /* Frameworks */,
				04D16435222391CD00293BB0 /* Resources */,
			);
			buildRules = (
			);
			dependencies = (
			);
			name = ClapAnimation;
			productName = ClapAnimation;
			productReference = 04D16437222391CD00293BB0 /* ClapAnimation.app */;
			productType = "com.apple.product-type.application";
		};
/* End PBXNativeTarget section */

/* Begin PBXProject section */
		04D1642F222391CD00293BB0 /* Project object */ = {
			isa = PBXProject;
			attributes = {
				LastSwiftUpdateCheck = 1010;
				LastUpgradeCheck = 1010;
				ORGANIZATIONNAME = "com.icloud@h76joker";
				TargetAttributes = {
					04D16436222391CD00293BB0 = {
						CreatedOnToolsVersion = 10.1;
					};
				};
			};
			buildConfigurationList = 04D16432222391CD00293BB0 /* Build configuration list for PBXProject "ClapAnimation" */;
			compatibilityVersion = "Xcode 9.3";
			developmentRegion = en;
			hasScannedForEncodings = 0;
			knownRegions = (
				en,
				Base,
			);
			mainGroup = 04D1642E222391CD00293BB0;
			productRefGroup = 04D16438222391CD00293BB0 /* Products */;
			projectDirPath = "";
			projectRoot = "";
			targets = (
				04D16436222391CD00293BB0 /* ClapAnimation */,
			);
		};
/* End PBXProject section */

/* Begin PBXResourcesBuildPhase section */
		04D16435222391CD00293BB0 /* Resources */ = {
			isa = PBXResourcesBuildPhase;
			buildActionMask = 2147483647;
			files = (
				04D16445222391CF00293BB0 /* LaunchScreen.storyboard in Resources */,
				04D1644E22239BB100293BB0 /* IMB_S6TJjc.gif in Resources */,
				04D16442222391CF00293BB0 /* Assets.xcassets in Resources */,
				04D16440222391CD00293BB0 /* Main.storyboard in Resources */,
			);
			runOnlyForDeploymentPostprocessing = 0;
		};
/* End PBXResourcesBuildPhase section */

/* Begin PBXSourcesBuildPhase section */
		04D16433222391CD00293BB0 /* Sources */ = {
			isa = PBXSourcesBuildPhase;
			buildActionMask = 2147483647;
			files = (
				04D1643D222391CD00293BB0 /* ViewController.swift in Sources */,
				04D1643B222391CD00293BB0 /* AppDelegate.swift in Sources */,
			);
			runOnlyForDeploymentPostprocessing = 0;
		};
/* End PBXSourcesBuildPhase section */

/* Begin PBXVariantGroup section */
		04D1643E222391CD00293BB0 /* Main.storyboard */ = {
			isa = PBXVariantGroup;
			children = (
				04D1643F222391CD00293BB0 /* Base */,
			);
			name = Main.storyboard;
			sourceTree = "<group>";
		};
		04D16443222391CF00293BB0 /* LaunchScreen.storyboard */ = {
			isa = PBXVariantGroup;
			children = (
				04D16444222391CF00293BB0 /* Base */,
			);
			name = LaunchScreen.storyboard;
			sourceTree = "<group>";
		};
/* End PBXVariantGroup section */

/* Begin XCBuildConfiguration section */
		04D16447222391CF00293BB0 /* Debug */ = {
			isa = XCBuildConfiguration;
			buildSettings = {
				ALWAYS_SEARCH_USER_PATHS = NO;
				CLANG_ANALYZER_NONNULL = YES;
				CLANG_ANALYZER_NUMBER_OBJECT_CONVERSION = YES_AGGRESSIVE;
				CLANG_CXX_LANGUAGE_STANDARD = "gnu++14";
				CLANG_CXX_LIBRARY = "libc++";
				CLANG_ENABLE_MODULES = YES;
				CLANG_ENABLE_OBJC_ARC = YES;
				CLANG_ENABLE_OBJC_WEAK = YES;
				CLANG_WARN_BLOCK_CAPTURE_AUTORELEASING = YES;
				CLANG_WARN_BOOL_CONVERSION = YES;
				CLANG_WARN_COMMA = YES;
				CLANG_WARN_CONSTANT_CONVERSION = YES;
				CLANG_WARN_DEPRECATED_OBJC_IMPLEMENTATIONS = YES;
				CLANG_WARN_DIRECT_OBJC_ISA_USAGE = YES_ERROR;
				CLANG_WARN_DOCUMENTATION_COMMENTS = YES;
				CLANG_WARN_EMPTY_BODY = YES;
				CLANG_WARN_ENUM_CONVERSION = YES;
				CLANG_WARN_INFINITE_RECURSION = YES;
				CLANG_WARN_INT_CONVERSION = YES;
				CLANG_WARN_NON_LITERAL_NULL_CONVERSION = YES;
				CLANG_WARN_OBJC_IMPLICIT_RETAIN_SELF = YES;
				CLANG_WARN_OBJC_LITERAL_CONVERSION = YES;
				CLANG_WARN_OBJC_ROOT_CLASS = YES_ERROR;
				CLANG_WARN_RANGE_LOOP_ANALYSIS = YES;
				CLANG_WARN_STRICT_PROTOTYPES = YES;
				CLANG_WARN_SUSPICIOUS_MOVE = YES;
				CLANG_WARN_UNGUARDED_AVAILABILITY = YES_AGGRESSIVE;
				CLANG_WARN_UNREACHABLE_CODE = YES;
				CLANG_WARN__DUPLICATE_METHOD_MATCH = YES;
				CODE_SIGN_IDENTITY = "iPhone Developer";
				COPY_PHASE_STRIP = NO;
				DEBUG_INFORMATION_FORMAT = dwarf;
				ENABLE_STRICT_OBJC_MSGSEND = YES;
				ENABLE_TESTABILITY = YES;
				GCC_C_LANGUAGE_STANDARD = gnu11;
				GCC_DYNAMIC_NO_PIC = NO;
				GCC_NO_COMMON_BLOCKS = YES;
				GCC_OPTIMIZATION_LEVEL = 0;
				GCC_PREPROCESSOR_DEFINITIONS = (
					"DEBUG=1",
					"$(inherited)",
				);
				GCC_WARN_64_TO_32_BIT_CONVERSION = YES;
				GCC_WARN_ABOUT_RETURN_TYPE = YES_ERROR;
				GCC_WARN_UNDECLARED_SELECTOR = YES;
				GCC_WARN_UNINITIALIZED_AUTOS = YES_AGGRESSIVE;
				GCC_WARN_UNUSED_FUNCTION = YES;
				GCC_WARN_UNUSED_VARIABLE = YES;
				IPHONEOS_DEPLOYMENT_TARGET = 12.1;
				MTL_ENABLE_DEBUG_INFO = INCLUDE_SOURCE;
				MTL_FAST_MATH = YES;
				ONLY_ACTIVE_ARCH = YES;
				SDKROOT = iphoneos;
				SWIFT_ACTIVE_COMPILATION_CONDITIONS = DEBUG;
				SWIFT_OPTIMIZATION_LEVEL = "-Onone";
			};
			name = Debug;
		};
		04D16448222391CF00293BB0 /* Release */ = {
			isa = XCBuildConfiguration;
			buildSettings = {
				ALWAYS_SEARCH_USER_PATHS = NO;
				CLANG_ANALYZER_NONNULL = YES;
				CLANG_ANALYZER_NUMBER_OBJECT_CONVERSION = YES_AGGRESSIVE;
				CLANG_CXX_LANGUAGE_STANDARD = "gnu++14";
				CLANG_CXX_LIBRARY = "libc++";
				CLANG_ENABLE_MODULES = YES;
				CLANG_ENABLE_OBJC_ARC = YES;
				CLANG_ENABLE_OBJC_WEAK = YES;
				CLANG_WARN_BLOCK_CAPTURE_AUTORELEASING = YES;
				CLANG_WARN_BOOL_CONVERSION = YES;
				CLANG_WARN_COMMA = YES;
				CLANG_WARN_CONSTANT_CONVERSION = YES;
				CLANG_WARN_DEPRECATED_OBJC_IMPLEMENTATIONS = YES;
				CLANG_WARN_DIRECT_OBJC_ISA_USAGE = YES_ERROR;
				CLANG_WARN_DOCUMENTATION_COMMENTS = YES;
				CLANG_WARN_EMPTY_BODY = YES;
				CLANG_WARN_ENUM_CONVERSION = YES;
				CLANG_WARN_INFINITE_RECURSION = YES;
				CLANG_WARN_INT_CONVERSION = YES;
				CLANG_WARN_NON_LITERAL_NULL_CONVERSION = YES;
				CLANG_WARN_OBJC_IMPLICIT_RETAIN_SELF = YES;
				CLANG_WARN_OBJC_LITERAL_CONVERSION = YES;
				CLANG_WARN_OBJC_ROOT_CLASS = YES_ERROR;
				CLANG_WARN_RANGE_LOOP_ANALYSIS = YES;
				CLANG_WARN_STRICT_PROTOTYPES = YES;
				CLANG_WARN_SUSPICIOUS_MOVE = YES;
				CLANG_WARN_UNGUARDED_AVAILABILITY = YES_AGGRESSIVE;
				CLANG_WARN_UNREACHABLE_CODE = YES;
				CLANG_WARN__DUPLICATE_METHOD_MATCH = YES;
				CODE_SIGN_IDENTITY = "iPhone Developer";
				COPY_PHASE_STRIP = NO;
				DEBUG_INFORMATION_FORMAT = "dwarf-with-dsym";
				ENABLE_NS_ASSERTIONS = NO;
				ENABLE_STRICT_OBJC_MSGSEND = YES;
				GCC_C_LANGUAGE_STANDARD = gnu11;
				GCC_NO_COMMON_BLOCKS = YES;
				GCC_WARN_64_TO_32_BIT_CONVERSION = YES;
				GCC_WARN_ABOUT_RETURN_TYPE = YES_ERROR;
				GCC_WARN_UNDECLARED_SELECTOR = YES;
				GCC_WARN_UNINITIALIZED_AUTOS = YES_AGGRESSIVE;
				GCC_WARN_UNUSED_FUNCTION = YES;
				GCC_WARN_UNUSED_VARIABLE = YES;
				IPHONEOS_DEPLOYMENT_TARGET = 12.1;
				MTL_ENABLE_DEBUG_INFO = NO;
				MTL_FAST_MATH = YES;
				SDKROOT = iphoneos;
				SWIFT_COMPILATION_MODE = wholemodule;
				SWIFT_OPTIMIZATION_LEVEL = "-O";
				VALIDATE_PRODUCT = YES;
			};
			name = Release;
		};
		04D1644A222391CF00293BB0 /* Debug */ = {
			isa = XCBuildConfiguration;
			buildSettings = {
				ASSETCATALOG_COMPILER_APPICON_NAME = AppIcon;
				CODE_SIGN_STYLE = Automatic;
				DEVELOPMENT_TEAM = YRB62S584T;
				INFOPLIST_FILE = ClapAnimation/Info.plist;
				LD_RUNPATH_SEARCH_PATHS = (
					"$(inherited)",
					"@executable_path/Frameworks",
				);
				PRODUCT_BUNDLE_IDENTIFIER = "h76joker-icloud.com.ClapAnimation";
				PRODUCT_NAME = "$(TARGET_NAME)";
				SWIFT_VERSION = 4.2;
				TARGETED_DEVICE_FAMILY = "1,2";
			};
			name = Debug;
		};
		04D1644B222391CF00293BB0 /* Release */ = {
			isa = XCBuildConfiguration;
			buildSettings = {
				ASSETCATALOG_COMPILER_APPICON_NAME = AppIcon;
				CODE_SIGN_STYLE = Automatic;
				DEVELOPMENT_TEAM = YRB62S584T;
				INFOPLIST_FILE = ClapAnimation/Info.plist;
				LD_RUNPATH_SEARCH_PATHS = (
					"$(inherited)",
					"@executable_path/Frameworks",
				);
				PRODUCT_BUNDLE_IDENTIFIER = "h76joker-icloud.com.ClapAnimation";
				PRODUCT_NAME = "$(TARGET_NAME)";
				SWIFT_VERSION = 4.2;
				TARGETED_DEVICE_FAMILY = "1,2";
			};
			name = Release;
		};
/* End XCBuildConfiguration section */

/* Begin XCConfigurationList section */
		04D16432222391CD00293BB0 /* Build configuration list for PBXProject "ClapAnimation" */ = {
			isa = XCConfigurationList;
			buildConfigurations = (
				04D16447222391CF00293BB0 /* Debug */,
				04D16448222391CF00293BB0 /* Release */,
			);
			defaultConfigurationIsVisible = 0;
			defaultConfigurationName = Release;
		};
		04D16449222391CF00293BB0 /* Build configuration list for PBXNativeTarget "ClapAnimation" */ = {
			isa = XCConfigurationList;
			buildConfigurations = (
				04D1644A222391CF00293BB0 /* Debug */,
				04D1644B222391CF00293BB0 /* Release */,
			);
			defaultConfigurationIsVisible = 0;
			defaultConfigurationName = Release;
		};
/* End XCConfigurationList section */
	};
	rootObject = 04D1642F222391CD00293BB0 /* Project object */;
}
